PODS:
  - Flutter (1.0.0)
  - flutter_boost (0.0.2):
    - Flutter
  - FlutterPluginRegistrant (0.0.1):
    - Flutter
    - flutter_boost

DEPENDENCIES:
  - Flutter (from `../flutter_module/.ios/Flutter`)
  - flutter_boost (from `../flutter_module/.ios/.symlinks/plugins/flutter_boost/ios`)
  - FlutterPluginRegistrant (from `../flutter_module/.ios/Flutter/FlutterPluginRegistrant`)

EXTERNAL SOURCES:
  Flutter:
    :path: "../flutter_module/.ios/Flutter"
  flutter_boost:
    :path: "../flutter_module/.ios/.symlinks/plugins/flutter_boost/ios"
  FlutterPluginRegistrant:
    :path: "../flutter_module/.ios/Flutter/FlutterPluginRegistrant"

SPEC CHECKSUMS:
  Flutter: f04841e97a9d0b0a8025694d0796dd46242b2854
  flutter_boost: 3e8a6e28c86d24c83be5b2fab067746dc77a1ad6
  FlutterPluginRegistrant: debce1dfb1a9620fc2fdb913fc993afab2c8ba8a

PODFILE CHECKSUM: 441138f6953b334b35a13ce7d7251a08036071f1

COCOAPODS: 1.12.1
